
Microsoft Visual Studio Solution File, Format Version 12.00
# Visual Studio 15
VisualStudioVersion = 15.0.27004.2010
MinimumVisualStudioVersion = 10.0.40219.1
Project("{8BC9CEB8-8B4A-11D0-8D11-00A0C91BC942}") = "AC3", "AC3\AC3.vcxproj", "{C18D1DA8-4603-4DF2-8D50-7AE26441A72F}"
EndProject
Global
	GlobalSection(SolutionConfigurationPlatforms) = preSolution
		Debug|x64 = Debug|x64
		Debug|x86 = Debug|x86
		Release|x64 = Release|x64
		Release|x86 = Release|x86
	EndGlobalSection
	GlobalSection(ProjectConfigurationPlatforms) = postSolution
		{C18D1DA8-4603-4DF2-8D50-7AE26441A72F}.Debug|x64.ActiveCfg = Debug|x64
		{C18D1DA8-4603-4DF2-8D50-7AE26441A72F}.Debug|x64.Build.0 = Debug|x64
		{C18D1DA8-4603-4DF2-8D50-7AE26441A72F}.Debug|x86.ActiveCfg = Debug|Win32
		{C18D1DA8-4603-4DF2-8D50-7AE26441A72F}.Debug|x86.Build.0 = Debug|Win32
		{C18D1DA8-4603-4DF2-8D50-7AE26441A72F}.Release|x64.ActiveCfg = Release|x64
		{C18D1DA8-4603-4DF2-8D50-7AE26441A72F}.Release|x64.Build.0 = Release|x64
		{C18D1DA8-4603-4DF2-8D50-7AE26441A72F}.Release|x86.ActiveCfg = Release|Win32
		{C18D1DA8-4603-4DF2-8D50-7AE26441A72F}.Release|x86.Build.0 = Release|Win32
	EndGlobalSection
	GlobalSection(SolutionProperties) = preSolution
		HideSolutionNode = FALSE
	EndGlobalSection
	GlobalSection(ExtensibilityGlobals) = postSolution
		SolutionGuid = {52A6DC60-ACDF-4F50-AF20-21B5AD0CEA02}
	EndGlobalSection
EndGlobal
